
Microsoft Visual Studio Solution File, Format Version 12.00
# Visual Studio 2013
VisualStudioVersion = 12.0.31101.0
MinimumVisualStudioVersion = 10.0.40219.1
Project("{FAE04EC0-301F-11D3-BF4B-00C04F79EFBC}") = "MyStudyLabs", "MyStudyLabs\MyStudyLabs.csproj", "{08FA8F21-5912-482E-A97D-DD919F06BFFE}"
EndProject
Project("{FAE04EC0-301F-11D3-BF4B-00C04F79EFBC}") = "MyStudyLabs.Tests", "MyStudyLabs.Tests\MyStudyLabs.Tests.csproj", "{FCC16361-A0ED-4F45-A4ED-1C2F2E1F022D}"
EndProject
Project("{FAE04EC0-301F-11D3-BF4B-00C04F79EFBC}") = "MyStudyLabs.ObjectLibrary", "ObjectLibrary\MyStudyLabs.ObjectLibrary.csproj", "{013B2B5F-4F4F-46F6-BACC-43F4200F1E5A}"
EndProject
Project("{FAE04EC0-301F-11D3-BF4B-00C04F79EFBC}") = "MyStudyLabs.DataRepository", "DataRepository\MyStudyLabs.DataRepository.csproj", "{5AFA4DDA-2457-4885-BD86-11D33ABDB5BB}"
EndProject
Project("{F088123C-0E9E-452A-89E6-6BA2F21D5CAC}") = "StudyLab_Architecture", "Project_Architecture\StudyLab_Architecture.modelproj", "{8A74B64C-C6D7-44F3-92DE-7DB8A936AE8E}"
EndProject
Global
	GlobalSection(SolutionConfigurationPlatforms) = preSolution
		Debug|Any CPU = Debug|Any CPU
		Release|Any CPU = Release|Any CPU
	EndGlobalSection
	GlobalSection(ProjectConfigurationPlatforms) = postSolution
		{08FA8F21-5912-482E-A97D-DD919F06BFFE}.Debug|Any CPU.ActiveCfg = Debug|Any CPU
		{08FA8F21-5912-482E-A97D-DD919F06BFFE}.Debug|Any CPU.Build.0 = Debug|Any CPU
		{08FA8F21-5912-482E-A97D-DD919F06BFFE}.Release|Any CPU.ActiveCfg = Release|Any CPU
		{08FA8F21-5912-482E-A97D-DD919F06BFFE}.Release|Any CPU.Build.0 = Release|Any CPU
		{FCC16361-A0ED-4F45-A4ED-1C2F2E1F022D}.Debug|Any CPU.ActiveCfg = Debug|Any CPU
		{FCC16361-A0ED-4F45-A4ED-1C2F2E1F022D}.Debug|Any CPU.Build.0 = Debug|Any CPU
		{FCC16361-A0ED-4F45-A4ED-1C2F2E1F022D}.Release|Any CPU.ActiveCfg = Release|Any CPU
		{FCC16361-A0ED-4F45-A4ED-1C2F2E1F022D}.Release|Any CPU.Build.0 = Release|Any CPU
		{013B2B5F-4F4F-46F6-BACC-43F4200F1E5A}.Debug|Any CPU.ActiveCfg = Debug|Any CPU
		{013B2B5F-4F4F-46F6-BACC-43F4200F1E5A}.Debug|Any CPU.Build.0 = Debug|Any CPU
		{013B2B5F-4F4F-46F6-BACC-43F4200F1E5A}.Release|Any CPU.ActiveCfg = Release|Any CPU
		{013B2B5F-4F4F-46F6-BACC-43F4200F1E5A}.Release|Any CPU.Build.0 = Release|Any CPU
		{5AFA4DDA-2457-4885-BD86-11D33ABDB5BB}.Debug|Any CPU.ActiveCfg = Debug|Any CPU
		{5AFA4DDA-2457-4885-BD86-11D33ABDB5BB}.Debug|Any CPU.Build.0 = Debug|Any CPU
		{5AFA4DDA-2457-4885-BD86-11D33ABDB5BB}.Release|Any CPU.ActiveCfg = Release|Any CPU
		{5AFA4DDA-2457-4885-BD86-11D33ABDB5BB}.Release|Any CPU.Build.0 = Release|Any CPU
		{8A74B64C-C6D7-44F3-92DE-7DB8A936AE8E}.Debug|Any CPU.ActiveCfg = Debug|Any CPU
		{8A74B64C-C6D7-44F3-92DE-7DB8A936AE8E}.Debug|Any CPU.Build.0 = Debug|Any CPU
		{8A74B64C-C6D7-44F3-92DE-7DB8A936AE8E}.Release|Any CPU.ActiveCfg = Release|Any CPU
		{8A74B64C-C6D7-44F3-92DE-7DB8A936AE8E}.Release|Any CPU.Build.0 = Release|Any CPU
	EndGlobalSection
	GlobalSection(SolutionProperties) = preSolution
		HideSolutionNode = FALSE
	EndGlobalSection
EndGlobal
